
Microsoft Visual Studio Solution File, Format Version 12.00
# Visual Studio Version 17
VisualStudioVersion = 17.11.35327.3
MinimumVisualStudioVersion = 10.0.40219.1
Project("{FAE04EC0-301F-11D3-BF4B-00C04F79EFBC}") = "TaskAPI", "TaskAPI.csproj", "{513FC54C-B650-42DF-9BF7-259C51D289CB}"
EndProject
Global
	GlobalSection(SolutionConfigurationPlatforms) = preSolution
		Debug|Any CPU = Debug|Any CPU
		Release|Any CPU = Release|Any CPU
	EndGlobalSection
	GlobalSection(ProjectConfigurationPlatforms) = postSolution
		{513FC54C-B650-42DF-9BF7-259C51D289CB}.Debug|Any CPU.ActiveCfg = Debug|Any CPU
		{513FC54C-B650-42DF-9BF7-259C51D289CB}.Debug|Any CPU.Build.0 = Debug|Any CPU
		{513FC54C-B650-42DF-9BF7-259C51D289CB}.Release|Any CPU.ActiveCfg = Release|Any CPU
		{513FC54C-B650-42DF-9BF7-259C51D289CB}.Release|Any CPU.Build.0 = Release|Any CPU
	EndGlobalSection
	GlobalSection(SolutionProperties) = preSolution
		HideSolutionNode = FALSE
	EndGlobalSection
	GlobalSection(ExtensibilityGlobals) = postSolution
		SolutionGuid = {ECC84DDB-8325-4F57-B4F7-59E5216358B4}
	EndGlobalSection
EndGlobal
